
Microsoft Visual Studio Solution File, Format Version 12.00
# Visual Studio 15
VisualStudioVersion = 15.0.26124.0
MinimumVisualStudioVersion = 15.0.26124.0
Project("{FAE04EC0-301F-11D3-BF4B-00C04F79EFBC}") = "ProAgil.WebAPI", "ProAgil.WebAPI\ProAgil.WebAPI.csproj", "{B019D8B2-E20B-4926-8FF8-27A591E94C5B}"
EndProject
Project("{FAE04EC0-301F-11D3-BF4B-00C04F79EFBC}") = "ProAgil.Repository", "ProAgil.Repository\ProAgil.Repository.csproj", "{8D539F4D-176F-4AE6-85FD-BD9B8129FDE6}"
EndProject
Project("{FAE04EC0-301F-11D3-BF4B-00C04F79EFBC}") = "ProAgil.Domain", "ProAgil.Domain\ProAgil.Domain.csproj", "{A9189999-5BDF-4395-92D4-185DC350F64C}"
EndProject
Global
	GlobalSection(SolutionConfigurationPlatforms) = preSolution
		Debug|Any CPU = Debug|Any CPU
		Debug|x64 = Debug|x64
		Debug|x86 = Debug|x86
		Release|Any CPU = Release|Any CPU
		Release|x64 = Release|x64
		Release|x86 = Release|x86
	EndGlobalSection
	GlobalSection(SolutionProperties) = preSolution
		HideSolutionNode = FALSE
	EndGlobalSection
	GlobalSection(ProjectConfigurationPlatforms) = postSolution
		{B019D8B2-E20B-4926-8FF8-27A591E94C5B}.Debug|Any CPU.ActiveCfg = Debug|Any CPU
		{B019D8B2-E20B-4926-8FF8-27A591E94C5B}.Debug|Any CPU.Build.0 = Debug|Any CPU
		{B019D8B2-E20B-4926-8FF8-27A591E94C5B}.Debug|x64.ActiveCfg = Debug|Any CPU
		{B019D8B2-E20B-4926-8FF8-27A591E94C5B}.Debug|x64.Build.0 = Debug|Any CPU
		{B019D8B2-E20B-4926-8FF8-27A591E94C5B}.Debug|x86.ActiveCfg = Debug|Any CPU
		{B019D8B2-E20B-4926-8FF8-27A591E94C5B}.Debug|x86.Build.0 = Debug|Any CPU
		{B019D8B2-E20B-4926-8FF8-27A591E94C5B}.Release|Any CPU.ActiveCfg = Release|Any CPU
		{B019D8B2-E20B-4926-8FF8-27A591E94C5B}.Release|Any CPU.Build.0 = Release|Any CPU
		{B019D8B2-E20B-4926-8FF8-27A591E94C5B}.Release|x64.ActiveCfg = Release|Any CPU
		{B019D8B2-E20B-4926-8FF8-27A591E94C5B}.Release|x64.Build.0 = Release|Any CPU
		{B019D8B2-E20B-4926-8FF8-27A591E94C5B}.Release|x86.ActiveCfg = Release|Any CPU
		{B019D8B2-E20B-4926-8FF8-27A591E94C5B}.Release|x86.Build.0 = Release|Any CPU
		{8D539F4D-176F-4AE6-85FD-BD9B8129FDE6}.Debug|Any CPU.ActiveCfg = Debug|Any CPU
		{8D539F4D-176F-4AE6-85FD-BD9B8129FDE6}.Debug|Any CPU.Build.0 = Debug|Any CPU
		{8D539F4D-176F-4AE6-85FD-BD9B8129FDE6}.Debug|x64.ActiveCfg = Debug|Any CPU
		{8D539F4D-176F-4AE6-85FD-BD9B8129FDE6}.Debug|x64.Build.0 = Debug|Any CPU
		{8D539F4D-176F-4AE6-85FD-BD9B8129FDE6}.Debug|x86.ActiveCfg = Debug|Any CPU
		{8D539F4D-176F-4AE6-85FD-BD9B8129FDE6}.Debug|x86.Build.0 = Debug|Any CPU
		{8D539F4D-176F-4AE6-85FD-BD9B8129FDE6}.Release|Any CPU.ActiveCfg = Release|Any CPU
		{8D539F4D-176F-4AE6-85FD-BD9B8129FDE6}.Release|Any CPU.Build.0 = Release|Any CPU
		{8D539F4D-176F-4AE6-85FD-BD9B8129FDE6}.Release|x64.ActiveCfg = Release|Any CPU
		{8D539F4D-176F-4AE6-85FD-BD9B8129FDE6}.Release|x64.Build.0 = Release|Any CPU
		{8D539F4D-176F-4AE6-85FD-BD9B8129FDE6}.Release|x86.ActiveCfg = Release|Any CPU
		{8D539F4D-176F-4AE6-85FD-BD9B8129FDE6}.Release|x86.Build.0 = Release|Any CPU
		{A9189999-5BDF-4395-92D4-185DC350F64C}.Debug|Any CPU.ActiveCfg = Debug|Any CPU
		{A9189999-5BDF-4395-92D4-185DC350F64C}.Debug|Any CPU.Build.0 = Debug|Any CPU
		{A9189999-5BDF-4395-92D4-185DC350F64C}.Debug|x64.ActiveCfg = Debug|Any CPU
		{A9189999-5BDF-4395-92D4-185DC350F64C}.Debug|x64.Build.0 = Debug|Any CPU
		{A9189999-5BDF-4395-92D4-185DC350F64C}.Debug|x86.ActiveCfg = Debug|Any CPU
		{A9189999-5BDF-4395-92D4-185DC350F64C}.Debug|x86.Build.0 = Debug|Any CPU
		{A9189999-5BDF-4395-92D4-185DC350F64C}.Release|Any CPU.ActiveCfg = Release|Any CPU
		{A9189999-5BDF-4395-92D4-185DC350F64C}.Release|Any CPU.Build.0 = Release|Any CPU
		{A9189999-5BDF-4395-92D4-185DC350F64C}.Release|x64.ActiveCfg = Release|Any CPU
		{A9189999-5BDF-4395-92D4-185DC350F64C}.Release|x64.Build.0 = Release|Any CPU
		{A9189999-5BDF-4395-92D4-185DC350F64C}.Release|x86.ActiveCfg = Release|Any CPU
		{A9189999-5BDF-4395-92D4-185DC350F64C}.Release|x86.Build.0 = Release|Any CPU
	EndGlobalSection
EndGlobal
